
Microsoft Visual Studio Solution File, Format Version 12.00
# Visual Studio Version 17
VisualStudioVersion = 17.7.34202.233
MinimumVisualStudioVersion = 10.0.40219.1
Project("{9A19103F-16F7-4668-BE54-9A1E7A4F7556}") = "MessageBasedArchitecture.Worker", "MessageBasedArchitecture.Worker\MessageBasedArchitecture.Worker.csproj", "{DE16075F-F5A9-4470-B415-CCD61F3E68CA}"
EndProject
Project("{FAE04EC0-301F-11D3-BF4B-00C04F79EFBC}") = "MessageBasedArchitecture.Application", "MessageBasedArchitecture.Application\MessageBasedArchitecture.Application.csproj", "{6A60B7A6-0B0F-4709-9B97-DA019222612B}"
EndProject
Global
	GlobalSection(SolutionConfigurationPlatforms) = preSolution
		Debug|Any CPU = Debug|Any CPU
		Release|Any CPU = Release|Any CPU
	EndGlobalSection
	GlobalSection(ProjectConfigurationPlatforms) = postSolution
		{DE16075F-F5A9-4470-B415-CCD61F3E68CA}.Debug|Any CPU.ActiveCfg = Debug|Any CPU
		{DE16075F-F5A9-4470-B415-CCD61F3E68CA}.Debug|Any CPU.Build.0 = Debug|Any CPU
		{DE16075F-F5A9-4470-B415-CCD61F3E68CA}.Release|Any CPU.ActiveCfg = Release|Any CPU
		{DE16075F-F5A9-4470-B415-CCD61F3E68CA}.Release|Any CPU.Build.0 = Release|Any CPU
		{6A60B7A6-0B0F-4709-9B97-DA019222612B}.Debug|Any CPU.ActiveCfg = Debug|Any CPU
		{6A60B7A6-0B0F-4709-9B97-DA019222612B}.Debug|Any CPU.Build.0 = Debug|Any CPU
		{6A60B7A6-0B0F-4709-9B97-DA019222612B}.Release|Any CPU.ActiveCfg = Release|Any CPU
		{6A60B7A6-0B0F-4709-9B97-DA019222612B}.Release|Any CPU.Build.0 = Release|Any CPU
	EndGlobalSection
	GlobalSection(SolutionProperties) = preSolution
		HideSolutionNode = FALSE
	EndGlobalSection
	GlobalSection(ExtensibilityGlobals) = postSolution
		SolutionGuid = {9A8842EB-D74A-4391-85AD-E4111DC6BB2D}
	EndGlobalSection
EndGlobal
