
Microsoft Visual Studio Solution File, Format Version 12.00
# Visual Studio Version 17
VisualStudioVersion = 17.7.34202.233
MinimumVisualStudioVersion = 10.0.40219.1
Project("{FAE04EC0-301F-11D3-BF4B-00C04F79EFBC}") = "WebApplication", "WebApplication\WebApplication.csproj", "{D77BE6DB-3778-40F3-8114-21F650651C4D}"
EndProject
Global
	GlobalSection(SolutionConfigurationPlatforms) = preSolution
		Debug|Any CPU = Debug|Any CPU
		Release|Any CPU = Release|Any CPU
	EndGlobalSection
	GlobalSection(ProjectConfigurationPlatforms) = postSolution
		{D77BE6DB-3778-40F3-8114-21F650651C4D}.Debug|Any CPU.ActiveCfg = Debug|Any CPU
		{D77BE6DB-3778-40F3-8114-21F650651C4D}.Debug|Any CPU.Build.0 = Debug|Any CPU
		{D77BE6DB-3778-40F3-8114-21F650651C4D}.Release|Any CPU.ActiveCfg = Release|Any CPU
		{D77BE6DB-3778-40F3-8114-21F650651C4D}.Release|Any CPU.Build.0 = Release|Any CPU
	EndGlobalSection
	GlobalSection(SolutionProperties) = preSolution
		HideSolutionNode = FALSE
	EndGlobalSection
	GlobalSection(ExtensibilityGlobals) = postSolution
		SolutionGuid = {308D835C-418F-4456-991A-F121EF210943}
	EndGlobalSection
EndGlobal
